// !$*UTF8*$!
{
	archiveVersion = 1;
	classes = {
	};
	objectVersion = 50;
	objects = {

/* Begin PBXBuildFile section */
		DF0F02A6208B3D05007CC5D5 /* AlertService.swift in Sources */ = {isa = PBXBuildFile; fileRef = DF0F02A5208B3D05007CC5D5 /* AlertService.swift */; };
		DF38A27F2089113200CCA6E5 /* UNService.swift in Sources */ = {isa = PBXBuildFile; fileRef = DF38A27E2089113200CCA6E5 /* UNService.swift */; };
		DF5C4304208BC1A200E5F0AB /* CLService.swift in Sources */ = {isa = PBXBuildFile; fileRef = DF5C4303208BC1A200E5F0AB /* CLService.swift */; };
		DF5C4306208CC3CC00E5F0AB /* NotificationAttachmentID.swift in Sources */ = {isa = PBXBuildFile; fileRef = DF5C4305208CC3CC00E5F0AB /* NotificationAttachmentID.swift */; };
		DF5C4309208CC8AA00E5F0AB /* Assets.xcassets in Resources */ = {isa = PBXBuildFile; fileRef = DF5C4308208CC8AA00E5F0AB /* Assets.xcassets */; };
		DF5C430F208CCA7E00E5F0AB /* TimeAlert.png in Resources */ = {isa = PBXBuildFile; fileRef = DF5C430C208CCA7E00E5F0AB /* TimeAlert.png */; };
		DF5C4310208CCA7E00E5F0AB /* DateAlert.png in Resources */ = {isa = PBXBuildFile; fileRef = DF5C430D208CCA7E00E5F0AB /* DateAlert.png */; };
		DF5C4311208CCA7E00E5F0AB /* LocationAlert.png in Resources */ = {isa = PBXBuildFile; fileRef = DF5C430E208CCA7E00E5F0AB /* LocationAlert.png */; };
		DF5C4315208CE40D00E5F0AB /* NotificationActionID.swift in Sources */ = {isa = PBXBuildFile; fileRef = DF5C4314208CE40D00E5F0AB /* NotificationActionID.swift */; };
		DF5C4317208CE7F300E5F0AB /* NotificationCategory.swift in Sources */ = {isa = PBXBuildFile; fileRef = DF5C4316208CE7F300E5F0AB /* NotificationCategory.swift */; };
		DF6FC2912087BDD7007A6C7C /* AppDelegate.swift in Sources */ = {isa = PBXBuildFile; fileRef = DF6FC2902087BDD7007A6C7C /* AppDelegate.swift */; };
		DF6FC2932087BDD7007A6C7C /* ViewController.swift in Sources */ = {isa = PBXBuildFile; fileRef = DF6FC2922087BDD7007A6C7C /* ViewController.swift */; };
		DF6FC2962087BDD7007A6C7C /* Main.storyboard in Resources */ = {isa = PBXBuildFile; fileRef = DF6FC2942087BDD7007A6C7C /* Main.storyboard */; };
		DF6FC29B2087BDDA007A6C7C /* LaunchScreen.storyboard in Resources */ = {isa = PBXBuildFile; fileRef = DF6FC2992087BDDA007A6C7C /* LaunchScreen.storyboard */; };
		DF6FC2A72087BFEF007A6C7C /* ShadowView.swift in Sources */ = {isa = PBXBuildFile; fileRef = DF6FC2A62087BFEF007A6C7C /* ShadowView.swift */; };
/* End PBXBuildFile section */

/* Begin PBXFileReference section */
		DF0F02A5208B3D05007CC5D5 /* AlertService.swift */ = {isa = PBXFileReference; lastKnownFileType = sourcecode.swift; path = AlertService.swift; sourceTree = "<group>"; };
		DF38A27E2089113200CCA6E5 /* UNService.swift */ = {isa = PBXFileReference; lastKnownFileType = sourcecode.swift; path = UNService.swift; sourceTree = "<group>"; };
		DF5C4303208BC1A200E5F0AB /* CLService.swift */ = {isa = PBXFileReference; lastKnownFileType = sourcecode.swift; path = CLService.swift; sourceTree = "<group>"; };
		DF5C4305208CC3CC00E5F0AB /* NotificationAttachmentID.swift */ = {isa = PBXFileReference; lastKnownFileType = sourcecode.swift; path = NotificationAttachmentID.swift; sourceTree = "<group>"; };
		DF5C4308208CC8AA00E5F0AB /* Assets.xcassets */ = {isa = PBXFileReference; lastKnownFileType = folder.assetcatalog; name = Assets.xcassets; path = NotificationAssets/Assets.xcassets; sourceTree = "<group>"; };
		DF5C430C208CCA7E00E5F0AB /* TimeAlert.png */ = {isa = PBXFileReference; lastKnownFileType = image.png; path = TimeAlert.png; sourceTree = "<group>"; };
		DF5C430D208CCA7E00E5F0AB /* DateAlert.png */ = {isa = PBXFileReference; lastKnownFileType = image.png; path = DateAlert.png; sourceTree = "<group>"; };
		DF5C430E208CCA7E00E5F0AB /* LocationAlert.png */ = {isa = PBXFileReference; lastKnownFileType = image.png; path = LocationAlert.png; sourceTree = "<group>"; };
		DF5C4314208CE40D00E5F0AB /* NotificationActionID.swift */ = {isa = PBXFileReference; lastKnownFileType = sourcecode.swift; path = NotificationActionID.swift; sourceTree = "<group>"; };
		DF5C4316208CE7F300E5F0AB /* NotificationCategory.swift */ = {isa = PBXFileReference; lastKnownFileType = sourcecode.swift; path = NotificationCategory.swift; sourceTree = "<group>"; };
		DF6FC28D2087BDD7007A6C7C /* Remind.app */ = {isa = PBXFileReference; explicitFileType = wrapper.application; includeInIndex = 0; path = Remind.app; sourceTree = BUILT_PRODUCTS_DIR; };
		DF6FC2902087BDD7007A6C7C /* AppDelegate.swift */ = {isa = PBXFileReference; lastKnownFileType = sourcecode.swift; path = AppDelegate.swift; sourceTree = "<group>"; };
		DF6FC2922087BDD7007A6C7C /* ViewController.swift */ = {isa = PBXFileReference; lastKnownFileType = sourcecode.swift; path = ViewController.swift; sourceTree = "<group>"; };
		DF6FC2952087BDD7007A6C7C /* Base */ = {isa = PBXFileReference; lastKnownFileType = file.storyboard; name = Base; path = Base.lproj/Main.storyboard; sourceTree = "<group>"; };
		DF6FC29A2087BDDA007A6C7C /* Base */ = {isa = PBXFileReference; lastKnownFileType = file.storyboard; name = Base; path = Base.lproj/LaunchScreen.storyboard; sourceTree = "<group>"; };
		DF6FC29C2087BDDA007A6C7C /* Info.plist */ = {isa = PBXFileReference; lastKnownFileType = text.plist.xml; path = Info.plist; sourceTree = "<group>"; };
		DF6FC2A62087BFEF007A6C7C /* ShadowView.swift */ = {isa = PBXFileReference; lastKnownFileType = sourcecode.swift; path = ShadowView.swift; sourceTree = "<group>"; };
/* End PBXFileReference section */

/* Begin PBXFrameworksBuildPhase section */
		DF6FC28A2087BDD7007A6C7C /* Frameworks */ = {
			isa = PBXFrameworksBuildPhase;
			buildActionMask = 2147483647;
			files = (
			);
			runOnlyForDeploymentPostprocessing = 0;
		};
/* End PBXFrameworksBuildPhase section */

/* Begin PBXGroup section */
		DF6FC2842087BDD7007A6C7C = {
			isa = PBXGroup;
			children = (
				DF6FC28F2087BDD7007A6C7C /* Remind */,
				DF6FC28E2087BDD7007A6C7C /* Products */,
			);
			sourceTree = "<group>";
		};
		DF6FC28E2087BDD7007A6C7C /* Products */ = {
			isa = PBXGroup;
			children = (
				DF6FC28D2087BDD7007A6C7C /* Remind.app */,
			);
			name = Products;
			sourceTree = "<group>";
		};
		DF6FC28F2087BDD7007A6C7C /* Remind */ = {
			isa = PBXGroup;
			children = (
				DF6FC2A52087BE6B007A6C7C /* Model */,
				DF6FC2A42087BE61007A6C7C /* View */,
				DF6FC2A32087BE50007A6C7C /* Controller */,
				DF6FC2A22087BE3C007A6C7C /* Service */,
				DF6FC29C2087BDDA007A6C7C /* Info.plist */,
			);
			path = Remind;
			sourceTree = "<group>";
		};
		DF6FC2A22087BE3C007A6C7C /* Service */ = {
			isa = PBXGroup;
			children = (
				DF38A27E2089113200CCA6E5 /* UNService.swift */,
				DF0F02A5208B3D05007CC5D5 /* AlertService.swift */,
				DF5C4303208BC1A200E5F0AB /* CLService.swift */,
			);
			path = Service;
			sourceTree = "<group>";
		};
		DF6FC2A32087BE50007A6C7C /* Controller */ = {
			isa = PBXGroup;
			children = (
				DF6FC2A62087BFEF007A6C7C /* ShadowView.swift */,
				DF6FC2902087BDD7007A6C7C /* AppDelegate.swift */,
				DF6FC2922087BDD7007A6C7C /* ViewController.swift */,
			);
			path = Controller;
			sourceTree = "<group>";
		};
		DF6FC2A42087BE61007A6C7C /* View */ = {
			isa = PBXGroup;
			children = (
				DF5C4308208CC8AA00E5F0AB /* Assets.xcassets */,
				DF6FC2A82087C643007A6C7C /* NotificationAssets */,
				DF6FC2992087BDDA007A6C7C /* LaunchScreen.storyboard */,
				DF6FC2942087BDD7007A6C7C /* Main.storyboard */,
			);
			path = View;
			sourceTree = "<group>";
		};
		DF6FC2A52087BE6B007A6C7C /* Model */ = {
			isa = PBXGroup;
			children = (
				DF5C4305208CC3CC00E5F0AB /* NotificationAttachmentID.swift */,
				DF5C4314208CE40D00E5F0AB /* NotificationActionID.swift */,
				DF5C4316208CE7F300E5F0AB /* NotificationCategory.swift */,
			);
			path = Model;
			sourceTree = "<group>";
		};
		DF6FC2A82087C643007A6C7C /* NotificationAssets */ = {
			isa = PBXGroup;
			children = (
				DF5C430D208CCA7E00E5F0AB /* DateAlert.png */,
				DF5C430E208CCA7E00E5F0AB /* LocationAlert.png */,
				DF5C430C208CCA7E00E5F0AB /* TimeAlert.png */,
			);
			path = NotificationAssets;
			sourceTree = "<group>";
		};
/* End PBXGroup section */

/* Begin PBXNativeTarget section */
		DF6FC28C2087BDD7007A6C7C /* Remind */ = {
			isa = PBXNativeTarget;
			buildConfigurationList = DF6FC29F2087BDDA007A6C7C /* Build configuration list for PBXNativeTarget "Remind" */;
			buildPhases = (
				DF6FC2892087BDD7007A6C7C /* Sources */,
				DF6FC28A2087BDD7007A6C7C /* Frameworks */,
				DF6FC28B2087BDD7007A6C7C /* Resources */,
			);
			buildRules = (
			);
			dependencies = (
			);
			name = Remind;
			productName = Remind;
			productReference = DF6FC28D2087BDD7007A6C7C /* Remind.app */;
			productType = "com.apple.product-type.application";
		};
/* End PBXNativeTarget section */

/* Begin PBXProject section */
		DF6FC2852087BDD7007A6C7C /* Project object */ = {
			isa = PBXProject;
			attributes = {
				LastSwiftUpdateCheck = 0930;
				LastUpgradeCheck = 0930;
				ORGANIZATIONNAME = "Станислав Коцарь";
				TargetAttributes = {
					DF6FC28C2087BDD7007A6C7C = {
						CreatedOnToolsVersion = 9.3;
					};
				};
			};
			buildConfigurationList = DF6FC2882087BDD7007A6C7C /* Build configuration list for PBXProject "Remind" */;
			compatibilityVersion = "Xcode 9.3";
			developmentRegion = en;
			hasScannedForEncodings = 0;
			knownRegions = (
				en,
				Base,
			);
			mainGroup = DF6FC2842087BDD7007A6C7C;
			productRefGroup = DF6FC28E2087BDD7007A6C7C /* Products */;
			projectDirPath = "";
			projectRoot = "";
			targets = (
				DF6FC28C2087BDD7007A6C7C /* Remind */,
			);
		};
/* End PBXProject section */

/* Begin PBXResourcesBuildPhase section */
		DF6FC28B2087BDD7007A6C7C /* Resources */ = {
			isa = PBXResourcesBuildPhase;
			buildActionMask = 2147483647;
			files = (
				DF6FC29B2087BDDA007A6C7C /* LaunchScreen.storyboard in Resources */,
				DF5C4310208CCA7E00E5F0AB /* DateAlert.png in Resources */,
				DF5C4309208CC8AA00E5F0AB /* Assets.xcassets in Resources */,
				DF5C4311208CCA7E00E5F0AB /* LocationAlert.png in Resources */,
				DF6FC2962087BDD7007A6C7C /* Main.storyboard in Resources */,
				DF5C430F208CCA7E00E5F0AB /* TimeAlert.png in Resources */,
			);
			runOnlyForDeploymentPostprocessing = 0;
		};
/* End PBXResourcesBuildPhase section */

/* Begin PBXSourcesBuildPhase section */
		DF6FC2892087BDD7007A6C7C /* Sources */ = {
			isa = PBXSourcesBuildPhase;
			buildActionMask = 2147483647;
			files = (
				DF5C4306208CC3CC00E5F0AB /* NotificationAttachmentID.swift in Sources */,
				DF5C4304208BC1A200E5F0AB /* CLService.swift in Sources */,
				DF6FC2A72087BFEF007A6C7C /* ShadowView.swift in Sources */,
				DF6FC2932087BDD7007A6C7C /* ViewController.swift in Sources */,
				DF38A27F2089113200CCA6E5 /* UNService.swift in Sources */,
				DF6FC2912087BDD7007A6C7C /* AppDelegate.swift in Sources */,
				DF0F02A6208B3D05007CC5D5 /* AlertService.swift in Sources */,
				DF5C4315208CE40D00E5F0AB /* NotificationActionID.swift in Sources */,
				DF5C4317208CE7F300E5F0AB /* NotificationCategory.swift in Sources */,
			);
			runOnlyForDeploymentPostprocessing = 0;
		};
/* End PBXSourcesBuildPhase section */

/* Begin PBXVariantGroup section */
		DF6FC2942087BDD7007A6C7C /* Main.storyboard */ = {
			isa = PBXVariantGroup;
			children = (
				DF6FC2952087BDD7007A6C7C /* Base */,
			);
			name = Main.storyboard;
			sourceTree = "<group>";
		};
		DF6FC2992087BDDA007A6C7C /* LaunchScreen.storyboard */ = {
			isa = PBXVariantGroup;
			children = (
				DF6FC29A2087BDDA007A6C7C /* Base */,
			);
			name = LaunchScreen.storyboard;
			sourceTree = "<group>";
		};
/* End PBXVariantGroup section */

/* Begin XCBuildConfiguration section */
		DF6FC29D2087BDDA007A6C7C /* Debug */ = {
			isa = XCBuildConfiguration;
			buildSettings = {
				ALWAYS_SEARCH_USER_PATHS = NO;
				CLANG_ANALYZER_NONNULL = YES;
				CLANG_ANALYZER_NUMBER_OBJECT_CONVERSION = YES_AGGRESSIVE;
				CLANG_CXX_LANGUAGE_STANDARD = "gnu++14";
				CLANG_CXX_LIBRARY = "libc++";
				CLANG_ENABLE_MODULES = YES;
				CLANG_ENABLE_OBJC_ARC = YES;
				CLANG_ENABLE_OBJC_WEAK = YES;
				CLANG_WARN_BLOCK_CAPTURE_AUTORELEASING = YES;
				CLANG_WARN_BOOL_CONVERSION = YES;
				CLANG_WARN_COMMA = YES;
				CLANG_WARN_CONSTANT_CONVERSION = YES;
				CLANG_WARN_DEPRECATED_OBJC_IMPLEMENTATIONS = YES;
				CLANG_WARN_DIRECT_OBJC_ISA_USAGE = YES_ERROR;
				CLANG_WARN_DOCUMENTATION_COMMENTS = YES;
				CLANG_WARN_EMPTY_BODY = YES;
				CLANG_WARN_ENUM_CONVERSION = YES;
				CLANG_WARN_INFINITE_RECURSION = YES;
				CLANG_WARN_INT_CONVERSION = YES;
				CLANG_WARN_NON_LITERAL_NULL_CONVERSION = YES;
				CLANG_WARN_OBJC_IMPLICIT_RETAIN_SELF = YES;
				CLANG_WARN_OBJC_LITERAL_CONVERSION = YES;
				CLANG_WARN_OBJC_ROOT_CLASS = YES_ERROR;
				CLANG_WARN_RANGE_LOOP_ANALYSIS = YES;
				CLANG_WARN_STRICT_PROTOTYPES = YES;
				CLANG_WARN_SUSPICIOUS_MOVE = YES;
				CLANG_WARN_UNGUARDED_AVAILABILITY = YES_AGGRESSIVE;
				CLANG_WARN_UNREACHABLE_CODE = YES;
				CLANG_WARN__DUPLICATE_METHOD_MATCH = YES;
				CODE_SIGN_IDENTITY = "iPhone Developer";
				COPY_PHASE_STRIP = NO;
				DEBUG_INFORMATION_FORMAT = dwarf;
				ENABLE_STRICT_OBJC_MSGSEND = YES;
				ENABLE_TESTABILITY = YES;
				GCC_C_LANGUAGE_STANDARD = gnu11;
				GCC_DYNAMIC_NO_PIC = NO;
				GCC_NO_COMMON_BLOCKS = YES;
				GCC_OPTIMIZATION_LEVEL = 0;
				GCC_PREPROCESSOR_DEFINITIONS = (
					"DEBUG=1",
					"$(inherited)",
				);
				GCC_WARN_64_TO_32_BIT_CONVERSION = YES;
				GCC_WARN_ABOUT_RETURN_TYPE = YES_ERROR;
				GCC_WARN_UNDECLARED_SELECTOR = YES;
				GCC_WARN_UNINITIALIZED_AUTOS = YES_AGGRESSIVE;
				GCC_WARN_UNUSED_FUNCTION = YES;
				GCC_WARN_UNUSED_VARIABLE = YES;
				IPHONEOS_DEPLOYMENT_TARGET = 11.3;
				MTL_ENABLE_DEBUG_INFO = YES;
				ONLY_ACTIVE_ARCH = YES;
				SDKROOT = iphoneos;
				SWIFT_ACTIVE_COMPILATION_CONDITIONS = DEBUG;
				SWIFT_OPTIMIZATION_LEVEL = "-Onone";
			};
			name = Debug;
		};
		DF6FC29E2087BDDA007A6C7C /* Release */ = {
			isa = XCBuildConfiguration;
			buildSettings = {
				ALWAYS_SEARCH_USER_PATHS = NO;
				CLANG_ANALYZER_NONNULL = YES;
				CLANG_ANALYZER_NUMBER_OBJECT_CONVERSION = YES_AGGRESSIVE;
				CLANG_CXX_LANGUAGE_STANDARD = "gnu++14";
				CLANG_CXX_LIBRARY = "libc++";
				CLANG_ENABLE_MODULES = YES;
				CLANG_ENABLE_OBJC_ARC = YES;
				CLANG_ENABLE_OBJC_WEAK = YES;
				CLANG_WARN_BLOCK_CAPTURE_AUTORELEASING = YES;
				CLANG_WARN_BOOL_CONVERSION = YES;
				CLANG_WARN_COMMA = YES;
				CLANG_WARN_CONSTANT_CONVERSION = YES;
				CLANG_WARN_DEPRECATED_OBJC_IMPLEMENTATIONS = YES;
				CLANG_WARN_DIRECT_OBJC_ISA_USAGE = YES_ERROR;
				CLANG_WARN_DOCUMENTATION_COMMENTS = YES;
				CLANG_WARN_EMPTY_BODY = YES;
				CLANG_WARN_ENUM_CONVERSION = YES;
				CLANG_WARN_INFINITE_RECURSION = YES;
				CLANG_WARN_INT_CONVERSION = YES;
				CLANG_WARN_NON_LITERAL_NULL_CONVERSION = YES;
				CLANG_WARN_OBJC_IMPLICIT_RETAIN_SELF = YES;
				CLANG_WARN_OBJC_LITERAL_CONVERSION = YES;
				CLANG_WARN_OBJC_ROOT_CLASS = YES_ERROR;
				CLANG_WARN_RANGE_LOOP_ANALYSIS = YES;
				CLANG_WARN_STRICT_PROTOTYPES = YES;
				CLANG_WARN_SUSPICIOUS_MOVE = YES;
				CLANG_WARN_UNGUARDED_AVAILABILITY = YES_AGGRESSIVE;
				CLANG_WARN_UNREACHABLE_CODE = YES;
				CLANG_WARN__DUPLICATE_METHOD_MATCH = YES;
				CODE_SIGN_IDENTITY = "iPhone Developer";
				COPY_PHASE_STRIP = NO;
				DEBUG_INFORMATION_FORMAT = "dwarf-with-dsym";
				ENABLE_NS_ASSERTIONS = NO;
				ENABLE_STRICT_OBJC_MSGSEND = YES;
				GCC_C_LANGUAGE_STANDARD = gnu11;
				GCC_NO_COMMON_BLOCKS = YES;
				GCC_WARN_64_TO_32_BIT_CONVERSION = YES;
				GCC_WARN_ABOUT_RETURN_TYPE = YES_ERROR;
				GCC_WARN_UNDECLARED_SELECTOR = YES;
				GCC_WARN_UNINITIALIZED_AUTOS = YES_AGGRESSIVE;
				GCC_WARN_UNUSED_FUNCTION = YES;
				GCC_WARN_UNUSED_VARIABLE = YES;
				IPHONEOS_DEPLOYMENT_TARGET = 11.3;
				MTL_ENABLE_DEBUG_INFO = NO;
				SDKROOT = iphoneos;
				SWIFT_COMPILATION_MODE = wholemodule;
				SWIFT_OPTIMIZATION_LEVEL = "-O";
				VALIDATE_PRODUCT = YES;
			};
			name = Release;
		};
		DF6FC2A02087BDDA007A6C7C /* Debug */ = {
			isa = XCBuildConfiguration;
			buildSettings = {
				ASSETCATALOG_COMPILER_APPICON_NAME = AppIcon;
				CODE_SIGN_STYLE = Automatic;
				DEVELOPMENT_TEAM = V4HQB64U4A;
				INFOPLIST_FILE = Remind/Info.plist;
				LD_RUNPATH_SEARCH_PATHS = (
					"$(inherited)",
					"@executable_path/Frameworks",
				);
				PRODUCT_BUNDLE_IDENTIFIER = test.Remind;
				PRODUCT_NAME = "$(TARGET_NAME)";
				SWIFT_VERSION = 4.0;
				TARGETED_DEVICE_FAMILY = "1,2";
			};
			name = Debug;
		};
		DF6FC2A12087BDDA007A6C7C /* Release */ = {
			isa = XCBuildConfiguration;
			buildSettings = {
				ASSETCATALOG_COMPILER_APPICON_NAME = AppIcon;
				CODE_SIGN_STYLE = Automatic;
				DEVELOPMENT_TEAM = V4HQB64U4A;
				INFOPLIST_FILE = Remind/Info.plist;
				LD_RUNPATH_SEARCH_PATHS = (
					"$(inherited)",
					"@executable_path/Frameworks",
				);
				PRODUCT_BUNDLE_IDENTIFIER = test.Remind;
				PRODUCT_NAME = "$(TARGET_NAME)";
				SWIFT_VERSION = 4.0;
				TARGETED_DEVICE_FAMILY = "1,2";
			};
			name = Release;
		};
/* End XCBuildConfiguration section */

/* Begin XCConfigurationList section */
		DF6FC2882087BDD7007A6C7C /* Build configuration list for PBXProject "Remind" */ = {
			isa = XCConfigurationList;
			buildConfigurations = (
				DF6FC29D2087BDDA007A6C7C /* Debug */,
				DF6FC29E2087BDDA007A6C7C /* Release */,
			);
			defaultConfigurationIsVisible = 0;
			defaultConfigurationName = Release;
		};
		DF6FC29F2087BDDA007A6C7C /* Build configuration list for PBXNativeTarget "Remind" */ = {
			isa = XCConfigurationList;
			buildConfigurations = (
				DF6FC2A02087BDDA007A6C7C /* Debug */,
				DF6FC2A12087BDDA007A6C7C /* Release */,
			);
			defaultConfigurationIsVisible = 0;
			defaultConfigurationName = Release;
		};
/* End XCConfigurationList section */
	};
	rootObject = DF6FC2852087BDD7007A6C7C /* Project object */;
}
